
Microsoft Visual Studio Solution File, Format Version 12.00
# Visual Studio Version 17
VisualStudioVersion = 17.7.34202.233
MinimumVisualStudioVersion = 10.0.40219.1
Project("{FAE04EC0-301F-11D3-BF4B-00C04F79EFBC}") = "CodeWorksLibrary", "CodeWorksLibrary\CodeWorksLibrary.csproj", "{3349776A-912E-4018-85FB-488CFF159C24}"
EndProject
Project("{FAE04EC0-301F-11D3-BF4B-00C04F79EFBC}") = "CodeWorksUI", "CodeWorksUI\CodeWorksUI.csproj", "{1DD82B69-97C1-4285-A2F3-9B698E015BDB}"
EndProject
Project("{2150E333-8FDC-42A3-9474-1A3956D46DE8}") = "Solution Items", "Solution Items", "{73E5B479-79A3-4F42-8D47-92B8DF05E556}"
	ProjectSection(SolutionItems) = preProject
		README.md = README.md
	EndProjectSection
EndProject
Project("{FAE04EC0-301F-11D3-BF4B-00C04F79EFBC}") = "CodeWorksWpfLibrary", "CodeWorksWpfLibrary\CodeWorksWpfLibrary.csproj", "{59576B9B-1116-4BF3-BEE3-ABA8CF5E499B}"
EndProject
Global
	GlobalSection(SolutionConfigurationPlatforms) = preSolution
		Debug|Any CPU = Debug|Any CPU
		Release|Any CPU = Release|Any CPU
	EndGlobalSection
	GlobalSection(ProjectConfigurationPlatforms) = postSolution
		{3349776A-912E-4018-85FB-488CFF159C24}.Debug|Any CPU.ActiveCfg = Debug|Any CPU
		{3349776A-912E-4018-85FB-488CFF159C24}.Debug|Any CPU.Build.0 = Debug|Any CPU
		{3349776A-912E-4018-85FB-488CFF159C24}.Release|Any CPU.ActiveCfg = Release|Any CPU
		{3349776A-912E-4018-85FB-488CFF159C24}.Release|Any CPU.Build.0 = Release|Any CPU
		{1DD82B69-97C1-4285-A2F3-9B698E015BDB}.Debug|Any CPU.ActiveCfg = Debug|Any CPU
		{1DD82B69-97C1-4285-A2F3-9B698E015BDB}.Debug|Any CPU.Build.0 = Debug|Any CPU
		{1DD82B69-97C1-4285-A2F3-9B698E015BDB}.Release|Any CPU.ActiveCfg = Release|Any CPU
		{1DD82B69-97C1-4285-A2F3-9B698E015BDB}.Release|Any CPU.Build.0 = Release|Any CPU
		{59576B9B-1116-4BF3-BEE3-ABA8CF5E499B}.Debug|Any CPU.ActiveCfg = Debug|Any CPU
		{59576B9B-1116-4BF3-BEE3-ABA8CF5E499B}.Debug|Any CPU.Build.0 = Debug|Any CPU
		{59576B9B-1116-4BF3-BEE3-ABA8CF5E499B}.Release|Any CPU.ActiveCfg = Release|Any CPU
		{59576B9B-1116-4BF3-BEE3-ABA8CF5E499B}.Release|Any CPU.Build.0 = Release|Any CPU
	EndGlobalSection
	GlobalSection(SolutionProperties) = preSolution
		HideSolutionNode = FALSE
	EndGlobalSection
	GlobalSection(ExtensibilityGlobals) = postSolution
		SolutionGuid = {BA78529D-9F90-421F-ACF0-A36C25189D9C}
	EndGlobalSection
EndGlobal
